
Microsoft Visual Studio Solution File, Format Version 12.00
# Visual Studio Version 16
VisualStudioVersion = 16.0.29613.14
MinimumVisualStudioVersion = 10.0.40219.1
Project("{FAE04EC0-301F-11D3-BF4B-00C04F79EFBC}") = "Employee", "Employee.csproj", "{5711F159-DF4F-42B1-8CAA-DBFE6E4A3F02}"
EndProject
Global
	GlobalSection(SolutionConfigurationPlatforms) = preSolution
		Debug|Any CPU = Debug|Any CPU
		Release|Any CPU = Release|Any CPU
	EndGlobalSection
	GlobalSection(ProjectConfigurationPlatforms) = postSolution
		{5711F159-DF4F-42B1-8CAA-DBFE6E4A3F02}.Debug|Any CPU.ActiveCfg = Debug|Any CPU
		{5711F159-DF4F-42B1-8CAA-DBFE6E4A3F02}.Debug|Any CPU.Build.0 = Debug|Any CPU
		{5711F159-DF4F-42B1-8CAA-DBFE6E4A3F02}.Release|Any CPU.ActiveCfg = Release|Any CPU
		{5711F159-DF4F-42B1-8CAA-DBFE6E4A3F02}.Release|Any CPU.Build.0 = Release|Any CPU
	EndGlobalSection
	GlobalSection(SolutionProperties) = preSolution
		HideSolutionNode = FALSE
	EndGlobalSection
	GlobalSection(ExtensibilityGlobals) = postSolution
		SolutionGuid = {1FD17BE1-DB3E-4679-99E2-01B8C174D3D5}
	EndGlobalSection
EndGlobal
