
Microsoft Visual Studio Solution File, Format Version 12.00
# Visual Studio Version 16
VisualStudioVersion = 16.0.29613.14
MinimumVisualStudioVersion = 10.0.40219.1
Project("{FAE04EC0-301F-11D3-BF4B-00C04F79EFBC}") = "AuthenticationDemo", "AuthenticationDemo.csproj", "{29EC4CBE-3DA7-4C1A-BA07-576ED5E5852F}"
EndProject
Global
	GlobalSection(SolutionConfigurationPlatforms) = preSolution
		Debug|Any CPU = Debug|Any CPU
		Release|Any CPU = Release|Any CPU
	EndGlobalSection
	GlobalSection(ProjectConfigurationPlatforms) = postSolution
		{29EC4CBE-3DA7-4C1A-BA07-576ED5E5852F}.Debug|Any CPU.ActiveCfg = Debug|Any CPU
		{29EC4CBE-3DA7-4C1A-BA07-576ED5E5852F}.Debug|Any CPU.Build.0 = Debug|Any CPU
		{29EC4CBE-3DA7-4C1A-BA07-576ED5E5852F}.Release|Any CPU.ActiveCfg = Release|Any CPU
		{29EC4CBE-3DA7-4C1A-BA07-576ED5E5852F}.Release|Any CPU.Build.0 = Release|Any CPU
	EndGlobalSection
	GlobalSection(SolutionProperties) = preSolution
		HideSolutionNode = FALSE
	EndGlobalSection
	GlobalSection(ExtensibilityGlobals) = postSolution
		SolutionGuid = {A5472D10-13AF-41FD-A93A-0A06004ACFB0}
	EndGlobalSection
EndGlobal
