
Microsoft Visual Studio Solution File, Format Version 12.00
# Visual Studio Version 16
VisualStudioVersion = 16.0.29613.14
MinimumVisualStudioVersion = 10.0.40219.1
Project("{FAE04EC0-301F-11D3-BF4B-00C04F79EFBC}") = "Project", "Project.csproj", "{96CC2D4B-6F1E-4FFB-A17D-3353477102AF}"
EndProject
Global
	GlobalSection(SolutionConfigurationPlatforms) = preSolution
		Debug|Any CPU = Debug|Any CPU
		Release|Any CPU = Release|Any CPU
	EndGlobalSection
	GlobalSection(ProjectConfigurationPlatforms) = postSolution
		{96CC2D4B-6F1E-4FFB-A17D-3353477102AF}.Debug|Any CPU.ActiveCfg = Debug|Any CPU
		{96CC2D4B-6F1E-4FFB-A17D-3353477102AF}.Debug|Any CPU.Build.0 = Debug|Any CPU
		{96CC2D4B-6F1E-4FFB-A17D-3353477102AF}.Release|Any CPU.ActiveCfg = Release|Any CPU
		{96CC2D4B-6F1E-4FFB-A17D-3353477102AF}.Release|Any CPU.Build.0 = Release|Any CPU
	EndGlobalSection
	GlobalSection(SolutionProperties) = preSolution
		HideSolutionNode = FALSE
	EndGlobalSection
	GlobalSection(ExtensibilityGlobals) = postSolution
		SolutionGuid = {0D29B0D8-7C14-4EE5-8659-FF2238AB7F44}
	EndGlobalSection
EndGlobal
