
Microsoft Visual Studio Solution File, Format Version 12.00
# Visual Studio Version 16
VisualStudioVersion = 16.0.29613.14
MinimumVisualStudioVersion = 10.0.40219.1
Project("{FAE04EC0-301F-11D3-BF4B-00C04F79EFBC}") = "ObjectOriented", "ObjectOriented.csproj", "{DA822B74-04C5-4E39-A0BD-AAA466E7EE97}"
EndProject
Global
	GlobalSection(SolutionConfigurationPlatforms) = preSolution
		Debug|Any CPU = Debug|Any CPU
		Release|Any CPU = Release|Any CPU
	EndGlobalSection
	GlobalSection(ProjectConfigurationPlatforms) = postSolution
		{DA822B74-04C5-4E39-A0BD-AAA466E7EE97}.Debug|Any CPU.ActiveCfg = Debug|Any CPU
		{DA822B74-04C5-4E39-A0BD-AAA466E7EE97}.Debug|Any CPU.Build.0 = Debug|Any CPU
		{DA822B74-04C5-4E39-A0BD-AAA466E7EE97}.Release|Any CPU.ActiveCfg = Release|Any CPU
		{DA822B74-04C5-4E39-A0BD-AAA466E7EE97}.Release|Any CPU.Build.0 = Release|Any CPU
	EndGlobalSection
	GlobalSection(SolutionProperties) = preSolution
		HideSolutionNode = FALSE
	EndGlobalSection
	GlobalSection(ExtensibilityGlobals) = postSolution
		SolutionGuid = {42025D4B-4152-4A94-8233-6C91DD36E333}
	EndGlobalSection
EndGlobal
