
Microsoft Visual Studio Solution File, Format Version 12.00
# Visual Studio Version 16
VisualStudioVersion = 16.0.29613.14
MinimumVisualStudioVersion = 10.0.40219.1
Project("{FAE04EC0-301F-11D3-BF4B-00C04F79EFBC}") = "HandsonMVC", "HandsonMVC.csproj", "{D8141684-FB7C-42C4-9169-8CD3C5764DBF}"
EndProject
Global
	GlobalSection(SolutionConfigurationPlatforms) = preSolution
		Debug|Any CPU = Debug|Any CPU
		Release|Any CPU = Release|Any CPU
	EndGlobalSection
	GlobalSection(ProjectConfigurationPlatforms) = postSolution
		{D8141684-FB7C-42C4-9169-8CD3C5764DBF}.Debug|Any CPU.ActiveCfg = Debug|Any CPU
		{D8141684-FB7C-42C4-9169-8CD3C5764DBF}.Debug|Any CPU.Build.0 = Debug|Any CPU
		{D8141684-FB7C-42C4-9169-8CD3C5764DBF}.Release|Any CPU.ActiveCfg = Release|Any CPU
		{D8141684-FB7C-42C4-9169-8CD3C5764DBF}.Release|Any CPU.Build.0 = Release|Any CPU
	EndGlobalSection
	GlobalSection(SolutionProperties) = preSolution
		HideSolutionNode = FALSE
	EndGlobalSection
	GlobalSection(ExtensibilityGlobals) = postSolution
		SolutionGuid = {78A48ED3-B2D9-40A6-BB72-90427449233C}
	EndGlobalSection
EndGlobal
